# generated by rye
# use `rye lock` or `rye sync` to update this lockfile
#
# last locked with the following flags:
#   pre: false
#   features: []
#   all-features: false
#   with-sources: false
#   generate-hashes: false
#   universal: false

-e file:.
filelock==3.18.0
    # via torch
fsspec==2025.7.0
    # via torch
jinja2==3.1.6
    # via torch
markupsafe==3.0.2
    # via jinja2
mpmath==1.3.0
    # via sympy
networkx==3.5
    # via torch
numpy==2.3.2
    # via mnist-web-inference
    # via onnx
    # via torchvision
onnx==1.18.0
    # via mnist-web-inference
pillow==11.3.0
    # via torchvision
protobuf==6.31.1
    # via onnx
setuptools==80.9.0
    # via torch
sympy==1.14.0
    # via torch
torch==2.7.1
    # via mnist-web-inference
    # via torchvision
torchvision==0.22.1
    # via mnist-web-inference
typing-extensions==4.14.1
    # via onnx
    # via torch
